
Microsoft Visual Studio Solution File, Format Version 12.00
# Visual Studio Version 17
VisualStudioVersion = 17.2.32516.85
MinimumVisualStudioVersion = 10.0.40219.1
Project("{FAE04EC0-301F-11D3-BF4B-00C04F79EFBC}") = "ProjectManagementSystemTZ", "ProjectManagementSystemTZ\ProjectManagementSystemTZ.csproj", "{DF038162-4848-4476-AF5D-F7E3718EF3A7}"
EndProject
Global
	GlobalSection(SolutionConfigurationPlatforms) = preSolution
		Debug|Any CPU = Debug|Any CPU
		Release|Any CPU = Release|Any CPU
	EndGlobalSection
	GlobalSection(ProjectConfigurationPlatforms) = postSolution
		{DF038162-4848-4476-AF5D-F7E3718EF3A7}.Debug|Any CPU.ActiveCfg = Debug|Any CPU
		{DF038162-4848-4476-AF5D-F7E3718EF3A7}.Debug|Any CPU.Build.0 = Debug|Any CPU
		{DF038162-4848-4476-AF5D-F7E3718EF3A7}.Release|Any CPU.ActiveCfg = Release|Any CPU
		{DF038162-4848-4476-AF5D-F7E3718EF3A7}.Release|Any CPU.Build.0 = Release|Any CPU
	EndGlobalSection
	GlobalSection(SolutionProperties) = preSolution
		HideSolutionNode = FALSE
	EndGlobalSection
	GlobalSection(ExtensibilityGlobals) = postSolution
		SolutionGuid = {1C7B142A-7D4E-4369-897C-806D18BF5434}
	EndGlobalSection
EndGlobal
